// !$*UTF8*$!
{
	archiveVersion = 1;
	classes = {
	};
	objectVersion = 50;
	objects = {

/* Begin PBXBuildFile section */
		CA06C988216D39830012AA0E /* AppDelegate.swift in Sources */ = {isa = PBXBuildFile; fileRef = CA06C987216D39830012AA0E /* AppDelegate.swift */; };
		CA06C992216D39850012AA0E /* Assets.xcassets in Resources */ = {isa = PBXBuildFile; fileRef = CA06C991216D39850012AA0E /* Assets.xcassets */; };
		CA06C995216D39850012AA0E /* LaunchScreen.storyboard in Resources */ = {isa = PBXBuildFile; fileRef = CA06C993216D39850012AA0E /* LaunchScreen.storyboard */; };
		CA06C99D216D3A6D0012AA0E /* GameCollectionViewController.swift in Sources */ = {isa = PBXBuildFile; fileRef = CA06C99C216D3A6D0012AA0E /* GameCollectionViewController.swift */; };
		CA06C99F216D3B140012AA0E /* HistoryTableViewController.swift in Sources */ = {isa = PBXBuildFile; fileRef = CA06C99E216D3B140012AA0E /* HistoryTableViewController.swift */; };
		CA06C9A4216D49AF0012AA0E /* GameCollectionViewDataSource.swift in Sources */ = {isa = PBXBuildFile; fileRef = CA06C9A3216D49AF0012AA0E /* GameCollectionViewDataSource.swift */; };
		CA06C9A6216D4A7D0012AA0E /* CardCollectionViewCell.swift in Sources */ = {isa = PBXBuildFile; fileRef = CA06C9A5216D4A7D0012AA0E /* CardCollectionViewCell.swift */; };
		CA06C9A8216D4C060012AA0E /* UIColor+Generate.swift in Sources */ = {isa = PBXBuildFile; fileRef = CA06C9A7216D4C060012AA0E /* UIColor+Generate.swift */; };
		CA06C9AA216D515F0012AA0E /* GameCollectionViewDelegate.swift in Sources */ = {isa = PBXBuildFile; fileRef = CA06C9A9216D515F0012AA0E /* GameCollectionViewDelegate.swift */; };
		CA76DC4F216D979A005D37EA /* History.swift in Sources */ = {isa = PBXBuildFile; fileRef = CA76DC4E216D979A005D37EA /* History.swift */; };
/* End PBXBuildFile section */

/* Begin PBXFileReference section */
		CA06C984216D39830012AA0E /* Concentration.app */ = {isa = PBXFileReference; explicitFileType = wrapper.application; includeInIndex = 0; path = Concentration.app; sourceTree = BUILT_PRODUCTS_DIR; };
		CA06C987216D39830012AA0E /* AppDelegate.swift */ = {isa = PBXFileReference; lastKnownFileType = sourcecode.swift; path = AppDelegate.swift; sourceTree = "<group>"; };
		CA06C991216D39850012AA0E /* Assets.xcassets */ = {isa = PBXFileReference; lastKnownFileType = folder.assetcatalog; path = Assets.xcassets; sourceTree = "<group>"; };
		CA06C994216D39850012AA0E /* Base */ = {isa = PBXFileReference; lastKnownFileType = file.storyboard; name = Base; path = Base.lproj/LaunchScreen.storyboard; sourceTree = "<group>"; };
		CA06C996216D39850012AA0E /* Info.plist */ = {isa = PBXFileReference; lastKnownFileType = text.plist.xml; path = Info.plist; sourceTree = "<group>"; };
		CA06C99C216D3A6D0012AA0E /* GameCollectionViewController.swift */ = {isa = PBXFileReference; lastKnownFileType = sourcecode.swift; path = GameCollectionViewController.swift; sourceTree = "<group>"; };
		CA06C99E216D3B140012AA0E /* HistoryTableViewController.swift */ = {isa = PBXFileReference; lastKnownFileType = sourcecode.swift; path = HistoryTableViewController.swift; sourceTree = "<group>"; };
		CA06C9A3216D49AF0012AA0E /* GameCollectionViewDataSource.swift */ = {isa = PBXFileReference; lastKnownFileType = sourcecode.swift; path = GameCollectionViewDataSource.swift; sourceTree = "<group>"; };
		CA06C9A5216D4A7D0012AA0E /* CardCollectionViewCell.swift */ = {isa = PBXFileReference; lastKnownFileType = sourcecode.swift; path = CardCollectionViewCell.swift; sourceTree = "<group>"; };
		CA06C9A7216D4C060012AA0E /* UIColor+Generate.swift */ = {isa = PBXFileReference; lastKnownFileType = sourcecode.swift; path = "UIColor+Generate.swift"; sourceTree = "<group>"; };
		CA06C9A9216D515F0012AA0E /* GameCollectionViewDelegate.swift */ = {isa = PBXFileReference; lastKnownFileType = sourcecode.swift; path = GameCollectionViewDelegate.swift; sourceTree = "<group>"; };
		CA76DC4E216D979A005D37EA /* History.swift */ = {isa = PBXFileReference; lastKnownFileType = sourcecode.swift; path = History.swift; sourceTree = "<group>"; };
/* End PBXFileReference section */

/* Begin PBXFrameworksBuildPhase section */
		CA06C981216D39820012AA0E /* Frameworks */ = {
			isa = PBXFrameworksBuildPhase;
			buildActionMask = 2147483647;
			files = (
			);
			runOnlyForDeploymentPostprocessing = 0;
		};
/* End PBXFrameworksBuildPhase section */

/* Begin PBXGroup section */
		CA06C97B216D39820012AA0E = {
			isa = PBXGroup;
			children = (
				CA06C986216D39830012AA0E /* Concentration */,
				CA06C985216D39830012AA0E /* Products */,
			);
			sourceTree = "<group>";
		};
		CA06C985216D39830012AA0E /* Products */ = {
			isa = PBXGroup;
			children = (
				CA06C984216D39830012AA0E /* Concentration.app */,
			);
			name = Products;
			sourceTree = "<group>";
		};
		CA06C986216D39830012AA0E /* Concentration */ = {
			isa = PBXGroup;
			children = (
				CA06C987216D39830012AA0E /* AppDelegate.swift */,
				CA76DC4E216D979A005D37EA /* History.swift */,
				CA06C99E216D3B140012AA0E /* HistoryTableViewController.swift */,
				CA06C9A2216D3BAD0012AA0E /* Game View */,
				CA06C991216D39850012AA0E /* Assets.xcassets */,
				CA06C993216D39850012AA0E /* LaunchScreen.storyboard */,
				CA06C996216D39850012AA0E /* Info.plist */,
			);
			path = Concentration;
			sourceTree = "<group>";
		};
		CA06C9A2216D3BAD0012AA0E /* Game View */ = {
			isa = PBXGroup;
			children = (
				CA06C99C216D3A6D0012AA0E /* GameCollectionViewController.swift */,
				CA06C9A3216D49AF0012AA0E /* GameCollectionViewDataSource.swift */,
				CA06C9A9216D515F0012AA0E /* GameCollectionViewDelegate.swift */,
				CA06C9A5216D4A7D0012AA0E /* CardCollectionViewCell.swift */,
				CA06C9A7216D4C060012AA0E /* UIColor+Generate.swift */,
			);
			path = "Game View";
			sourceTree = "<group>";
		};
/* End PBXGroup section */

/* Begin PBXNativeTarget section */
		CA06C983216D39820012AA0E /* Concentration */ = {
			isa = PBXNativeTarget;
			buildConfigurationList = CA06C999216D39860012AA0E /* Build configuration list for PBXNativeTarget "Concentration" */;
			buildPhases = (
				CA06C980216D39820012AA0E /* Sources */,
				CA06C981216D39820012AA0E /* Frameworks */,
				CA06C982216D39820012AA0E /* Resources */,
			);
			buildRules = (
			);
			dependencies = (
			);
			name = Concentration;
			productName = Concentration;
			productReference = CA06C984216D39830012AA0E /* Concentration.app */;
			productType = "com.apple.product-type.application";
		};
/* End PBXNativeTarget section */

/* Begin PBXProject section */
		CA06C97C216D39820012AA0E /* Project object */ = {
			isa = PBXProject;
			attributes = {
				LastSwiftUpdateCheck = 1000;
				LastUpgradeCheck = 1000;
				ORGANIZATIONNAME = "Mike JS. Choi";
				TargetAttributes = {
					CA06C983216D39820012AA0E = {
						CreatedOnToolsVersion = 10.0;
					};
				};
			};
			buildConfigurationList = CA06C97F216D39820012AA0E /* Build configuration list for PBXProject "Concentration" */;
			compatibilityVersion = "Xcode 9.3";
			developmentRegion = en;
			hasScannedForEncodings = 0;
			knownRegions = (
				en,
				Base,
			);
			mainGroup = CA06C97B216D39820012AA0E;
			productRefGroup = CA06C985216D39830012AA0E /* Products */;
			projectDirPath = "";
			projectRoot = "";
			targets = (
				CA06C983216D39820012AA0E /* Concentration */,
			);
		};
/* End PBXProject section */

/* Begin PBXResourcesBuildPhase section */
		CA06C982216D39820012AA0E /* Resources */ = {
			isa = PBXResourcesBuildPhase;
			buildActionMask = 2147483647;
			files = (
				CA06C995216D39850012AA0E /* LaunchScreen.storyboard in Resources */,
				CA06C992216D39850012AA0E /* Assets.xcassets in Resources */,
			);
			runOnlyForDeploymentPostprocessing = 0;
		};
/* End PBXResourcesBuildPhase section */

/* Begin PBXSourcesBuildPhase section */
		CA06C980216D39820012AA0E /* Sources */ = {
			isa = PBXSourcesBuildPhase;
			buildActionMask = 2147483647;
			files = (
				CA06C99D216D3A6D0012AA0E /* GameCollectionViewController.swift in Sources */,
				CA06C988216D39830012AA0E /* AppDelegate.swift in Sources */,
				CA76DC4F216D979A005D37EA /* History.swift in Sources */,
				CA06C9A6216D4A7D0012AA0E /* CardCollectionViewCell.swift in Sources */,
				CA06C9A8216D4C060012AA0E /* UIColor+Generate.swift in Sources */,
				CA06C99F216D3B140012AA0E /* HistoryTableViewController.swift in Sources */,
				CA06C9AA216D515F0012AA0E /* GameCollectionViewDelegate.swift in Sources */,
				CA06C9A4216D49AF0012AA0E /* GameCollectionViewDataSource.swift in Sources */,
			);
			runOnlyForDeploymentPostprocessing = 0;
		};
/* End PBXSourcesBuildPhase section */

/* Begin PBXVariantGroup section */
		CA06C993216D39850012AA0E /* LaunchScreen.storyboard */ = {
			isa = PBXVariantGroup;
			children = (
				CA06C994216D39850012AA0E /* Base */,
			);
			name = LaunchScreen.storyboard;
			sourceTree = "<group>";
		};
/* End PBXVariantGroup section */

/* Begin XCBuildConfiguration section */
		CA06C997216D39850012AA0E /* Debug */ = {
			isa = XCBuildConfiguration;
			buildSettings = {
				ALWAYS_SEARCH_USER_PATHS = NO;
				CLANG_ANALYZER_NONNULL = YES;
				CLANG_ANALYZER_NUMBER_OBJECT_CONVERSION = YES_AGGRESSIVE;
				CLANG_CXX_LANGUAGE_STANDARD = "gnu++14";
				CLANG_CXX_LIBRARY = "libc++";
				CLANG_ENABLE_MODULES = YES;
				CLANG_ENABLE_OBJC_ARC = YES;
				CLANG_ENABLE_OBJC_WEAK = YES;
				CLANG_WARN_BLOCK_CAPTURE_AUTORELEASING = YES;
				CLANG_WARN_BOOL_CONVERSION = YES;
				CLANG_WARN_COMMA = YES;
				CLANG_WARN_CONSTANT_CONVERSION = YES;
				CLANG_WARN_DEPRECATED_OBJC_IMPLEMENTATIONS = YES;
				CLANG_WARN_DIRECT_OBJC_ISA_USAGE = YES_ERROR;
				CLANG_WARN_DOCUMENTATION_COMMENTS = YES;
				CLANG_WARN_EMPTY_BODY = YES;
				CLANG_WARN_ENUM_CONVERSION = YES;
				CLANG_WARN_INFINITE_RECURSION = YES;
				CLANG_WARN_INT_CONVERSION = YES;
				CLANG_WARN_NON_LITERAL_NULL_CONVERSION = YES;
				CLANG_WARN_OBJC_IMPLICIT_RETAIN_SELF = YES;
				CLANG_WARN_OBJC_LITERAL_CONVERSION = YES;
				CLANG_WARN_OBJC_ROOT_CLASS = YES_ERROR;
				CLANG_WARN_RANGE_LOOP_ANALYSIS = YES;
				CLANG_WARN_STRICT_PROTOTYPES = YES;
				CLANG_WARN_SUSPICIOUS_MOVE = YES;
				CLANG_WARN_UNGUARDED_AVAILABILITY = YES_AGGRESSIVE;
				CLANG_WARN_UNREACHABLE_CODE = YES;
				CLANG_WARN__DUPLICATE_METHOD_MATCH = YES;
				CODE_SIGN_IDENTITY = "iPhone Developer";
				COPY_PHASE_STRIP = NO;
				DEBUG_INFORMATION_FORMAT = dwarf;
				ENABLE_STRICT_OBJC_MSGSEND = YES;
				ENABLE_TESTABILITY = YES;
				GCC_C_LANGUAGE_STANDARD = gnu11;
				GCC_DYNAMIC_NO_PIC = NO;
				GCC_NO_COMMON_BLOCKS = YES;
				GCC_OPTIMIZATION_LEVEL = 0;
				GCC_PREPROCESSOR_DEFINITIONS = (
					"DEBUG=1",
					"$(inherited)",
				);
				GCC_WARN_64_TO_32_BIT_CONVERSION = YES;
				GCC_WARN_ABOUT_RETURN_TYPE = YES_ERROR;
				GCC_WARN_UNDECLARED_SELECTOR = YES;
				GCC_WARN_UNINITIALIZED_AUTOS = YES_AGGRESSIVE;
				GCC_WARN_UNUSED_FUNCTION = YES;
				GCC_WARN_UNUSED_VARIABLE = YES;
				IPHONEOS_DEPLOYMENT_TARGET = 12.0;
				MTL_ENABLE_DEBUG_INFO = INCLUDE_SOURCE;
				MTL_FAST_MATH = YES;
				ONLY_ACTIVE_ARCH = YES;
				SDKROOT = iphoneos;
				SWIFT_ACTIVE_COMPILATION_CONDITIONS = DEBUG;
				SWIFT_OPTIMIZATION_LEVEL = "-Onone";
			};
			name = Debug;
		};
		CA06C998216D39860012AA0E /* Release */ = {
			isa = XCBuildConfiguration;
			buildSettings = {
				ALWAYS_SEARCH_USER_PATHS = NO;
				CLANG_ANALYZER_NONNULL = YES;
				CLANG_ANALYZER_NUMBER_OBJECT_CONVERSION = YES_AGGRESSIVE;
				CLANG_CXX_LANGUAGE_STANDARD = "gnu++14";
				CLANG_CXX_LIBRARY = "libc++";
				CLANG_ENABLE_MODULES = YES;
				CLANG_ENABLE_OBJC_ARC = YES;
				CLANG_ENABLE_OBJC_WEAK = YES;
				CLANG_WARN_BLOCK_CAPTURE_AUTORELEASING = YES;
				CLANG_WARN_BOOL_CONVERSION = YES;
				CLANG_WARN_COMMA = YES;
				CLANG_WARN_CONSTANT_CONVERSION = YES;
				CLANG_WARN_DEPRECATED_OBJC_IMPLEMENTATIONS = YES;
				CLANG_WARN_DIRECT_OBJC_ISA_USAGE = YES_ERROR;
				CLANG_WARN_DOCUMENTATION_COMMENTS = YES;
				CLANG_WARN_EMPTY_BODY = YES;
				CLANG_WARN_ENUM_CONVERSION = YES;
				CLANG_WARN_INFINITE_RECURSION = YES;
				CLANG_WARN_INT_CONVERSION = YES;
				CLANG_WARN_NON_LITERAL_NULL_CONVERSION = YES;
				CLANG_WARN_OBJC_IMPLICIT_RETAIN_SELF = YES;
				CLANG_WARN_OBJC_LITERAL_CONVERSION = YES;
				CLANG_WARN_OBJC_ROOT_CLASS = YES_ERROR;
				CLANG_WARN_RANGE_LOOP_ANALYSIS = YES;
				CLANG_WARN_STRICT_PROTOTYPES = YES;
				CLANG_WARN_SUSPICIOUS_MOVE = YES;
				CLANG_WARN_UNGUARDED_AVAILABILITY = YES_AGGRESSIVE;
				CLANG_WARN_UNREACHABLE_CODE = YES;
				CLANG_WARN__DUPLICATE_METHOD_MATCH = YES;
				CODE_SIGN_IDENTITY = "iPhone Developer";
				COPY_PHASE_STRIP = NO;
				DEBUG_INFORMATION_FORMAT = "dwarf-with-dsym";
				ENABLE_NS_ASSERTIONS = NO;
				ENABLE_STRICT_OBJC_MSGSEND = YES;
				GCC_C_LANGUAGE_STANDARD = gnu11;
				GCC_NO_COMMON_BLOCKS = YES;
				GCC_WARN_64_TO_32_BIT_CONVERSION = YES;
				GCC_WARN_ABOUT_RETURN_TYPE = YES_ERROR;
				GCC_WARN_UNDECLARED_SELECTOR = YES;
				GCC_WARN_UNINITIALIZED_AUTOS = YES_AGGRESSIVE;
				GCC_WARN_UNUSED_FUNCTION = YES;
				GCC_WARN_UNUSED_VARIABLE = YES;
				IPHONEOS_DEPLOYMENT_TARGET = 12.0;
				MTL_ENABLE_DEBUG_INFO = NO;
				MTL_FAST_MATH = YES;
				SDKROOT = iphoneos;
				SWIFT_COMPILATION_MODE = wholemodule;
				SWIFT_OPTIMIZATION_LEVEL = "-O";
				VALIDATE_PRODUCT = YES;
			};
			name = Release;
		};
		CA06C99A216D39860012AA0E /* Debug */ = {
			isa = XCBuildConfiguration;
			buildSettings = {
				ASSETCATALOG_COMPILER_APPICON_NAME = AppIcon;
				CODE_SIGN_STYLE = Automatic;
				DEVELOPMENT_TEAM = 7J57M62A98;
				INFOPLIST_FILE = Concentration/Info.plist;
				LD_RUNPATH_SEARCH_PATHS = (
					"$(inherited)",
					"@executable_path/Frameworks",
				);
				PRODUCT_BUNDLE_IDENTIFIER = com.mjc.Concentration;
				PRODUCT_NAME = "$(TARGET_NAME)";
				SWIFT_VERSION = 4.2;
				TARGETED_DEVICE_FAMILY = "1,2";
			};
			name = Debug;
		};
		CA06C99B216D39860012AA0E /* Release */ = {
			isa = XCBuildConfiguration;
			buildSettings = {
				ASSETCATALOG_COMPILER_APPICON_NAME = AppIcon;
				CODE_SIGN_STYLE = Automatic;
				DEVELOPMENT_TEAM = 7J57M62A98;
				INFOPLIST_FILE = Concentration/Info.plist;
				LD_RUNPATH_SEARCH_PATHS = (
					"$(inherited)",
					"@executable_path/Frameworks",
				);
				PRODUCT_BUNDLE_IDENTIFIER = com.mjc.Concentration;
				PRODUCT_NAME = "$(TARGET_NAME)";
				SWIFT_VERSION = 4.2;
				TARGETED_DEVICE_FAMILY = "1,2";
			};
			name = Release;
		};
/* End XCBuildConfiguration section */

/* Begin XCConfigurationList section */
		CA06C97F216D39820012AA0E /* Build configuration list for PBXProject "Concentration" */ = {
			isa = XCConfigurationList;
			buildConfigurations = (
				CA06C997216D39850012AA0E /* Debug */,
				CA06C998216D39860012AA0E /* Release */,
			);
			defaultConfigurationIsVisible = 0;
			defaultConfigurationName = Release;
		};
		CA06C999216D39860012AA0E /* Build configuration list for PBXNativeTarget "Concentration" */ = {
			isa = XCConfigurationList;
			buildConfigurations = (
				CA06C99A216D39860012AA0E /* Debug */,
				CA06C99B216D39860012AA0E /* Release */,
			);
			defaultConfigurationIsVisible = 0;
			defaultConfigurationName = Release;
		};
/* End XCConfigurationList section */
	};
	rootObject = CA06C97C216D39820012AA0E /* Project object */;
}
